
Microsoft Visual Studio Solution File, Format Version 12.00
# Visual Studio Version 17
VisualStudioVersion = 17.8.34330.188
MinimumVisualStudioVersion = 10.0.40219.1
Project("{FAE04EC0-301F-11D3-BF4B-00C04F79EFBC}") = "lesson 1", "lesson 1\lesson 1.csproj", "{B3CB94A9-D136-4D5A-BB77-73720E73E1C4}"
EndProject
Project("{2150E333-8FDC-42A3-9474-1A3956D46DE8}") = "homeworks", "homeworks", "{D12FD7FF-7872-4E40-8513-E5F46B291405}"
EndProject
Project("{FAE04EC0-301F-11D3-BF4B-00C04F79EFBC}") = "homework_2", "..\homeworks\homework_2\homework_2.csproj", "{5F0A5154-F76E-4C17-AF0C-64E2074348CF}"
EndProject
Project("{FAE04EC0-301F-11D3-BF4B-00C04F79EFBC}") = "homework_3", "..\homeworks\homework_3\homework_3.csproj", "{94BC2940-1BE1-4BDE-8764-44E2141B5800}"
EndProject
Project("{FAE04EC0-301F-11D3-BF4B-00C04F79EFBC}") = "homework_1", "..\homeworks\homework_1\homework_1.csproj", "{805C4FC1-D2B6-4F91-B1D2-91F59890FD89}"
EndProject
Project("{FAE04EC0-301F-11D3-BF4B-00C04F79EFBC}") = "homework_4", "..\homeworks\homework_4\homework_4.csproj", "{802D79B6-B22C-4100-AA3B-94F6AFE401A9}"
EndProject
Project("{FAE04EC0-301F-11D3-BF4B-00C04F79EFBC}") = "homework_5", "..\homeworks\homework_5\homework_5.csproj", "{E6FC575C-72EE-40C5-84BF-AACD7308C80C}"
EndProject
Project("{FAE04EC0-301F-11D3-BF4B-00C04F79EFBC}") = "homework_6", "..\homeworks\homework_6\homework_6.csproj", "{BB5BE0F9-26BA-497E-BF05-5F77196DE725}"
EndProject
Project("{FAE04EC0-301F-11D3-BF4B-00C04F79EFBC}") = "homework_7", "..\homeworks\homework_7\homework_7.csproj", "{FA908F15-DD2C-4DAD-9764-FEB528D27850}"
EndProject
Project("{FAE04EC0-301F-11D3-BF4B-00C04F79EFBC}") = "homework_8", "..\homeworks\homework_8\homework_8.csproj", "{923E08F3-0A6B-4693-B4E8-B318B14F1D40}"
EndProject
Project("{9A19103F-16F7-4668-BE54-9A1E7A4F7556}") = "ConsoleApp1", "ConsoleApp1\ConsoleApp1.csproj", "{E2ED7739-8527-4F52-8733-AF4E77EF44EB}"
EndProject
Project("{FAE04EC0-301F-11D3-BF4B-00C04F79EFBC}") = "homework_9", "..\homeworks\homework_9\homework_9.csproj", "{A4ED9D9F-529B-4375-B87E-FDCD7344F469}"
EndProject
Project("{FAE04EC0-301F-11D3-BF4B-00C04F79EFBC}") = "homework_10", "..\homeworks\homework_10\homework_10.csproj", "{37BEEECE-0B3B-43CD-984C-DD791CB185CC}"
EndProject
Global
	GlobalSection(SolutionConfigurationPlatforms) = preSolution
		Debug|Any CPU = Debug|Any CPU
		Release|Any CPU = Release|Any CPU
	EndGlobalSection
	GlobalSection(ProjectConfigurationPlatforms) = postSolution
		{B3CB94A9-D136-4D5A-BB77-73720E73E1C4}.Debug|Any CPU.ActiveCfg = Debug|Any CPU
		{B3CB94A9-D136-4D5A-BB77-73720E73E1C4}.Debug|Any CPU.Build.0 = Debug|Any CPU
		{B3CB94A9-D136-4D5A-BB77-73720E73E1C4}.Release|Any CPU.ActiveCfg = Release|Any CPU
		{B3CB94A9-D136-4D5A-BB77-73720E73E1C4}.Release|Any CPU.Build.0 = Release|Any CPU
		{5F0A5154-F76E-4C17-AF0C-64E2074348CF}.Debug|Any CPU.ActiveCfg = Debug|Any CPU
		{5F0A5154-F76E-4C17-AF0C-64E2074348CF}.Debug|Any CPU.Build.0 = Debug|Any CPU
		{5F0A5154-F76E-4C17-AF0C-64E2074348CF}.Release|Any CPU.ActiveCfg = Release|Any CPU
		{5F0A5154-F76E-4C17-AF0C-64E2074348CF}.Release|Any CPU.Build.0 = Release|Any CPU
		{94BC2940-1BE1-4BDE-8764-44E2141B5800}.Debug|Any CPU.ActiveCfg = Debug|Any CPU
		{94BC2940-1BE1-4BDE-8764-44E2141B5800}.Debug|Any CPU.Build.0 = Debug|Any CPU
		{94BC2940-1BE1-4BDE-8764-44E2141B5800}.Release|Any CPU.ActiveCfg = Release|Any CPU
		{94BC2940-1BE1-4BDE-8764-44E2141B5800}.Release|Any CPU.Build.0 = Release|Any CPU
		{805C4FC1-D2B6-4F91-B1D2-91F59890FD89}.Debug|Any CPU.ActiveCfg = Debug|Any CPU
		{805C4FC1-D2B6-4F91-B1D2-91F59890FD89}.Debug|Any CPU.Build.0 = Debug|Any CPU
		{805C4FC1-D2B6-4F91-B1D2-91F59890FD89}.Release|Any CPU.ActiveCfg = Release|Any CPU
		{805C4FC1-D2B6-4F91-B1D2-91F59890FD89}.Release|Any CPU.Build.0 = Release|Any CPU
		{802D79B6-B22C-4100-AA3B-94F6AFE401A9}.Debug|Any CPU.ActiveCfg = Debug|Any CPU
		{802D79B6-B22C-4100-AA3B-94F6AFE401A9}.Debug|Any CPU.Build.0 = Debug|Any CPU
		{802D79B6-B22C-4100-AA3B-94F6AFE401A9}.Release|Any CPU.ActiveCfg = Release|Any CPU
		{802D79B6-B22C-4100-AA3B-94F6AFE401A9}.Release|Any CPU.Build.0 = Release|Any CPU
		{E6FC575C-72EE-40C5-84BF-AACD7308C80C}.Debug|Any CPU.ActiveCfg = Debug|Any CPU
		{E6FC575C-72EE-40C5-84BF-AACD7308C80C}.Debug|Any CPU.Build.0 = Debug|Any CPU
		{E6FC575C-72EE-40C5-84BF-AACD7308C80C}.Release|Any CPU.ActiveCfg = Release|Any CPU
		{E6FC575C-72EE-40C5-84BF-AACD7308C80C}.Release|Any CPU.Build.0 = Release|Any CPU
		{BB5BE0F9-26BA-497E-BF05-5F77196DE725}.Debug|Any CPU.ActiveCfg = Debug|Any CPU
		{BB5BE0F9-26BA-497E-BF05-5F77196DE725}.Debug|Any CPU.Build.0 = Debug|Any CPU
		{BB5BE0F9-26BA-497E-BF05-5F77196DE725}.Release|Any CPU.ActiveCfg = Release|Any CPU
		{BB5BE0F9-26BA-497E-BF05-5F77196DE725}.Release|Any CPU.Build.0 = Release|Any CPU
		{FA908F15-DD2C-4DAD-9764-FEB528D27850}.Debug|Any CPU.ActiveCfg = Debug|Any CPU
		{FA908F15-DD2C-4DAD-9764-FEB528D27850}.Debug|Any CPU.Build.0 = Debug|Any CPU
		{FA908F15-DD2C-4DAD-9764-FEB528D27850}.Release|Any CPU.ActiveCfg = Release|Any CPU
		{FA908F15-DD2C-4DAD-9764-FEB528D27850}.Release|Any CPU.Build.0 = Release|Any CPU
		{923E08F3-0A6B-4693-B4E8-B318B14F1D40}.Debug|Any CPU.ActiveCfg = Debug|Any CPU
		{923E08F3-0A6B-4693-B4E8-B318B14F1D40}.Debug|Any CPU.Build.0 = Debug|Any CPU
		{923E08F3-0A6B-4693-B4E8-B318B14F1D40}.Release|Any CPU.ActiveCfg = Release|Any CPU
		{923E08F3-0A6B-4693-B4E8-B318B14F1D40}.Release|Any CPU.Build.0 = Release|Any CPU
		{E2ED7739-8527-4F52-8733-AF4E77EF44EB}.Debug|Any CPU.ActiveCfg = Debug|Any CPU
		{E2ED7739-8527-4F52-8733-AF4E77EF44EB}.Debug|Any CPU.Build.0 = Debug|Any CPU
		{E2ED7739-8527-4F52-8733-AF4E77EF44EB}.Release|Any CPU.ActiveCfg = Release|Any CPU
		{E2ED7739-8527-4F52-8733-AF4E77EF44EB}.Release|Any CPU.Build.0 = Release|Any CPU
		{A4ED9D9F-529B-4375-B87E-FDCD7344F469}.Debug|Any CPU.ActiveCfg = Debug|Any CPU
		{A4ED9D9F-529B-4375-B87E-FDCD7344F469}.Debug|Any CPU.Build.0 = Debug|Any CPU
		{A4ED9D9F-529B-4375-B87E-FDCD7344F469}.Release|Any CPU.ActiveCfg = Release|Any CPU
		{A4ED9D9F-529B-4375-B87E-FDCD7344F469}.Release|Any CPU.Build.0 = Release|Any CPU
		{37BEEECE-0B3B-43CD-984C-DD791CB185CC}.Debug|Any CPU.ActiveCfg = Debug|Any CPU
		{37BEEECE-0B3B-43CD-984C-DD791CB185CC}.Debug|Any CPU.Build.0 = Debug|Any CPU
		{37BEEECE-0B3B-43CD-984C-DD791CB185CC}.Release|Any CPU.ActiveCfg = Release|Any CPU
		{37BEEECE-0B3B-43CD-984C-DD791CB185CC}.Release|Any CPU.Build.0 = Release|Any CPU
	EndGlobalSection
	GlobalSection(SolutionProperties) = preSolution
		HideSolutionNode = FALSE
	EndGlobalSection
	GlobalSection(NestedProjects) = preSolution
		{5F0A5154-F76E-4C17-AF0C-64E2074348CF} = {D12FD7FF-7872-4E40-8513-E5F46B291405}
		{94BC2940-1BE1-4BDE-8764-44E2141B5800} = {D12FD7FF-7872-4E40-8513-E5F46B291405}
		{805C4FC1-D2B6-4F91-B1D2-91F59890FD89} = {D12FD7FF-7872-4E40-8513-E5F46B291405}
		{802D79B6-B22C-4100-AA3B-94F6AFE401A9} = {D12FD7FF-7872-4E40-8513-E5F46B291405}
		{E6FC575C-72EE-40C5-84BF-AACD7308C80C} = {D12FD7FF-7872-4E40-8513-E5F46B291405}
		{BB5BE0F9-26BA-497E-BF05-5F77196DE725} = {D12FD7FF-7872-4E40-8513-E5F46B291405}
		{FA908F15-DD2C-4DAD-9764-FEB528D27850} = {D12FD7FF-7872-4E40-8513-E5F46B291405}
		{923E08F3-0A6B-4693-B4E8-B318B14F1D40} = {D12FD7FF-7872-4E40-8513-E5F46B291405}
		{A4ED9D9F-529B-4375-B87E-FDCD7344F469} = {D12FD7FF-7872-4E40-8513-E5F46B291405}
		{37BEEECE-0B3B-43CD-984C-DD791CB185CC} = {D12FD7FF-7872-4E40-8513-E5F46B291405}
	EndGlobalSection
	GlobalSection(ExtensibilityGlobals) = postSolution
		SolutionGuid = {67A19AA6-7F62-45B6-8B57-51EAB0C2C1B7}
	EndGlobalSection
EndGlobal
